
Microsoft Visual Studio Solution File, Format Version 10.00
# Visual Studio 2008
Project("{FAE04EC0-301F-11D3-BF4B-00C04F79EFBC}") = "TJOCommon", "TJOCommon.csproj", "{ABE21CEC-06E8-4B58-8867-D658F82145E0}"
EndProject
Project("{FAE04EC0-301F-11D3-BF4B-00C04F79EFBC}") = "Test", "ConsoleApplication1\Test.csproj", "{B24A2AEB-4C9F-4D14-AD1A-AEA1F25BA60A}"
EndProject
Project("{8BC9CEB8-8B4A-11D0-8D11-00A0C91BC942}") = "InvelCrypt", "..\InvelCrypt\ICryptManaged.vcproj", "{801E60AA-9695-4C3F-A773-E2229B1C0CE3}"
EndProject
Global
	GlobalSection(SolutionConfigurationPlatforms) = preSolution
		Debug|Any CPU = Debug|Any CPU
		Debug|Mixed Platforms = Debug|Mixed Platforms
		Debug|Win32 = Debug|Win32
		Release|Any CPU = Release|Any CPU
		Release|Mixed Platforms = Release|Mixed Platforms
		Release|Win32 = Release|Win32
	EndGlobalSection
	GlobalSection(ProjectConfigurationPlatforms) = postSolution
		{ABE21CEC-06E8-4B58-8867-D658F82145E0}.Debug|Any CPU.ActiveCfg = Debug|Any CPU
		{ABE21CEC-06E8-4B58-8867-D658F82145E0}.Debug|Any CPU.Build.0 = Debug|Any CPU
		{ABE21CEC-06E8-4B58-8867-D658F82145E0}.Debug|Mixed Platforms.ActiveCfg = Debug|Any CPU
		{ABE21CEC-06E8-4B58-8867-D658F82145E0}.Debug|Mixed Platforms.Build.0 = Debug|Any CPU
		{ABE21CEC-06E8-4B58-8867-D658F82145E0}.Debug|Win32.ActiveCfg = Debug|Any CPU
		{ABE21CEC-06E8-4B58-8867-D658F82145E0}.Release|Any CPU.ActiveCfg = Release|Any CPU
		{ABE21CEC-06E8-4B58-8867-D658F82145E0}.Release|Any CPU.Build.0 = Release|Any CPU
		{ABE21CEC-06E8-4B58-8867-D658F82145E0}.Release|Mixed Platforms.ActiveCfg = Release|Any CPU
		{ABE21CEC-06E8-4B58-8867-D658F82145E0}.Release|Mixed Platforms.Build.0 = Release|Any CPU
		{ABE21CEC-06E8-4B58-8867-D658F82145E0}.Release|Win32.ActiveCfg = Release|Any CPU
		{B24A2AEB-4C9F-4D14-AD1A-AEA1F25BA60A}.Debug|Any CPU.ActiveCfg = Debug|Any CPU
		{B24A2AEB-4C9F-4D14-AD1A-AEA1F25BA60A}.Debug|Any CPU.Build.0 = Debug|Any CPU
		{B24A2AEB-4C9F-4D14-AD1A-AEA1F25BA60A}.Debug|Mixed Platforms.ActiveCfg = Debug|Any CPU
		{B24A2AEB-4C9F-4D14-AD1A-AEA1F25BA60A}.Debug|Mixed Platforms.Build.0 = Debug|Any CPU
		{B24A2AEB-4C9F-4D14-AD1A-AEA1F25BA60A}.Debug|Win32.ActiveCfg = Debug|Any CPU
		{B24A2AEB-4C9F-4D14-AD1A-AEA1F25BA60A}.Release|Any CPU.ActiveCfg = Release|Any CPU
		{B24A2AEB-4C9F-4D14-AD1A-AEA1F25BA60A}.Release|Any CPU.Build.0 = Release|Any CPU
		{B24A2AEB-4C9F-4D14-AD1A-AEA1F25BA60A}.Release|Mixed Platforms.ActiveCfg = Release|Any CPU
		{B24A2AEB-4C9F-4D14-AD1A-AEA1F25BA60A}.Release|Mixed Platforms.Build.0 = Release|Any CPU
		{B24A2AEB-4C9F-4D14-AD1A-AEA1F25BA60A}.Release|Win32.ActiveCfg = Release|Any CPU
		{801E60AA-9695-4C3F-A773-E2229B1C0CE3}.Debug|Any CPU.ActiveCfg = Debug|Win32
		{801E60AA-9695-4C3F-A773-E2229B1C0CE3}.Debug|Mixed Platforms.ActiveCfg = Debug|Win32
		{801E60AA-9695-4C3F-A773-E2229B1C0CE3}.Debug|Mixed Platforms.Build.0 = Debug|Win32
		{801E60AA-9695-4C3F-A773-E2229B1C0CE3}.Debug|Win32.ActiveCfg = Debug|Win32
		{801E60AA-9695-4C3F-A773-E2229B1C0CE3}.Debug|Win32.Build.0 = Debug|Win32
		{801E60AA-9695-4C3F-A773-E2229B1C0CE3}.Release|Any CPU.ActiveCfg = Release|Win32
		{801E60AA-9695-4C3F-A773-E2229B1C0CE3}.Release|Mixed Platforms.ActiveCfg = Release|Win32
		{801E60AA-9695-4C3F-A773-E2229B1C0CE3}.Release|Mixed Platforms.Build.0 = Release|Win32
		{801E60AA-9695-4C3F-A773-E2229B1C0CE3}.Release|Win32.ActiveCfg = Release|Win32
		{801E60AA-9695-4C3F-A773-E2229B1C0CE3}.Release|Win32.Build.0 = Release|Win32
	EndGlobalSection
	GlobalSection(SolutionProperties) = preSolution
		HideSolutionNode = FALSE
	EndGlobalSection
EndGlobal
